{
  "name": "main",
  "version": "1.0",
  "description": "CoreUI-React",
  "homepage": "https://namtt1211.github.io/main",
  "private": true,
  "scripts": {
    "predeploy": "npm run build",
    "deploy": "gh-pages -d build",
    "start": "react-scripts start",
    "build": "react-scripts build"
  },
  "devDependencies": {
    "gh-pages": "^5.0.0"
  }
}